
Microsoft Visual Studio Solution File, Format Version 12.00
# Visual Studio Version 16
VisualStudioVersion = 16.0.33423.256
MinimumVisualStudioVersion = 10.0.40219.1
Project("{FAE04EC0-301F-11D3-BF4B-00C04F79EFBC}") = "Day3", "Day3\Day3.csproj", "{94911ADD-5253-4527-90BA-6E2893C46864}"
EndProject
Global
	GlobalSection(SolutionConfigurationPlatforms) = preSolution
		Debug|Any CPU = Debug|Any CPU
		Release|Any CPU = Release|Any CPU
	EndGlobalSection
	GlobalSection(ProjectConfigurationPlatforms) = postSolution
		{94911ADD-5253-4527-90BA-6E2893C46864}.Debug|Any CPU.ActiveCfg = Debug|Any CPU
		{94911ADD-5253-4527-90BA-6E2893C46864}.Debug|Any CPU.Build.0 = Debug|Any CPU
		{94911ADD-5253-4527-90BA-6E2893C46864}.Release|Any CPU.ActiveCfg = Release|Any CPU
		{94911ADD-5253-4527-90BA-6E2893C46864}.Release|Any CPU.Build.0 = Release|Any CPU
	EndGlobalSection
	GlobalSection(SolutionProperties) = preSolution
		HideSolutionNode = FALSE
	EndGlobalSection
	GlobalSection(ExtensibilityGlobals) = postSolution
		SolutionGuid = {0889AB85-D4E8-4287-AE83-7707660AC9C1}
	EndGlobalSection
EndGlobal
